{
  "name": "dojo",
  "version": "1.0.0",
  "lockfileVersion": 1,
  "requires": true,
  "dependencies": {
    "zenn-cli": {
      "version": "0.1.131",
      "resolved": "https://registry.npmjs.org/zenn-cli/-/zenn-cli-0.1.131.tgz",
      "integrity": "sha512-oikfVMJHSKMFpN3nhhwb8sy0890HJGgC3T4Q5/Av75SWRy8uAUJUSGNDFJL+ysResBFJwXsf/Pg0GHmRMbkUPQ=="
    }
  }
}
