{
  "name": "dojo",
  "version": "1.0.0",
  "lockfileVersion": 3,
  "requires": true,
  "packages": {
    "": {
      "name": "dojo",
      "version": "1.0.0",
      "license": "ISC",
      "dependencies": {
        "zenn-cli": "^0.1.148"
      }
    },
    "node_modules/zenn-cli": {
      "version": "0.1.148",
      "resolved": "https://registry.npmjs.org/zenn-cli/-/zenn-cli-0.1.148.tgz",
      "integrity": "sha512-q4c3W6HOJZzX+Ce/7d4vBm5iY2G8j5o+d5P04BuxE5U9rg2qOrZS9PJEIFk9QktJ7BwJ6RjxkGiQI+rnGx/BIw==",
      "bin": {
        "zenn": "dist/server/zenn.js"
      },
      "engines": {
        "node": ">=14.0.0"
      }
    }
  }
}
