{
  "name": "dojo",
  "version": "1.0.0",
  "lockfileVersion": 1,
  "requires": true,
  "dependencies": {
    "zenn-cli": {
      "version": "0.1.137",
      "resolved": "https://registry.npmjs.org/zenn-cli/-/zenn-cli-0.1.137.tgz",
      "integrity": "sha512-WE0L9ZKlWZdpr+O8EMnIEaQDNmGe8eg0n71KifVB2n1g9vYVP0hfTKWondT4FYpIJidQ3IDSHW7TyKIOSgi/xA=="
    }
  }
}
