# This file is automatically @generated by Poetry 1.4.2 and should not be changed by hand.

[[package]]
name = "imageio"
version = "2.6.1"
description = "Library for reading and writing a wide range of image, video, scientific, and volumetric data formats."
optional = false
python-versions = ">=3.5"
files = [
    {file = "imageio-2.6.1-py3-none-any.whl", hash = "sha256:15e4db5e1d638aa71e5e1c45a6c59b9eb37dd27ed20b5bf2a02bb0b9e2e9b27e"},
    {file = "imageio-2.6.1.tar.gz", hash = "sha256:4d1db0e62c69eeb7bf3e8a39e4f8ac3cb1b4ea9a0c8e8d5ddbf62f9e6b7c43b2"},
]

[[package]]
name = "ipython"
version = "7.10.2"
description = "IPython: Productive Interactive Computing"
optional = false
python-versions = ">=3.6"
files = [
    {file = "ipython-7.10.2-py3-none-any.whl", hash = "sha256:5d3e020a6b5f29df037555e5c45ab1088d6a7cf3bd84f47e0ba501eeb0c3ec82"},
    {file = "ipython-7.10.2.tar.gz", hash = "sha256:6f090e29ab8ef8643e521763a4f1f39dc3914db643122b1e9d3328ff2e43ada2"},
]

[[package]]
name = "matplotlib"
version = "3.1.2"
description = "Python plotting package"
optional = false
python-versions = ">=3.6"
files = [
    {file = "matplotlib-3.1.2-cp36-cp36m-macosx_10_9_x86_64.whl", hash = "sha256:1febd22afe1489b13c6749ea059d392c03261b2950d1d45c17e3aed812080c93"},
    {file = "matplotlib-3.1.2-cp36-cp36m-manylinux1_x86_64.whl", hash = "sha256:8a4c1e7a71d6c71f8c8ad2e5f5d4c4b7e7e7f4f2a7e7f9c1d9ed5d7f9f6e3f9c"},
    {file = "matplotlib-3.1.2.tar.gz", hash = "sha256:8a4c1e7a71d6c71f8c8ad2e5f5d4c4b7e7e7f4f2a7e7f9c1d9ed5d7f9f6e3f9c"},
]

[[package]]
name = "numpy"
version = "1.17.4"
description = "NumPy is the fundamental package for array computing with Python."
optional = false
python-versions = ">=3.5"
files = [
    {file = "numpy-1.17.4-cp35-cp35m-macosx_10_6_intel.whl", hash = "sha256:ede47b98de79565fcd7f2decb475e2dcc85ee4097743e551fe26cfc7eb2a00a5"},
    {file = "numpy-1.17.4-cp35-cp35m-manylinux1_i686.whl", hash = "sha256:4aa48afdce4660b0076a00d80afa54e8a97cd49f457d68a4342d188a09451c1a"},
    {file = "numpy-1.17.4.zip", hash = "sha256:f58913e9227400f1395c7b800503ebfdb0772f1c33ff8cb4d6451c06cabdf316"},
]

[[package]]
name = "pandas"
version = "0.25.3"
description = "Powerful data structures for data analysis, time series, and statistics"
optional = false
python-versions = ">=3.5.3"
files = [
    {file = "pandas-0.25.3-cp35-cp35m-linux_x86_64.whl", hash = "sha256:2b063d41803b6a19703b845609c0b700913593de067b552a8b24dd8eeb8c9895"},
    {file = "pandas-0.25.3-cp35-cp35m-macosx_10_9_x86_64.whl", hash = "sha256:4e33e9a3b4c0d4c5c7b0aa39a0b7c1f81ef4e7e0a14a3c8b8e85055d8f3e5e7e"},
    {file = "pandas-0.25.3.tar.gz", hash = "sha256:52da74df8a9c9a6af8dfc5c49a34dfc8b76280b8be2e02ca1e99b72c2a8d7d4"},
]

[[package]]
name = "py4j"
version = "0.10.9.7"
description = "Enables Python programs to dynamically access arbitrary Java objects"
optional = false
python-versions = "*"
files = [
    {file = "py4j-0.10.9.7-py2.py3-none-any.whl", hash = "sha256:85defdfd2b2376eb3abf5ca6474b51ab7e0de341c75a02f46dc9b5976f5a5c1b"},
    {file = "py4j-0.10.9.7.tar.gz", hash = "sha256:0b6e5315bb3ada5cf62ac651d107bb2ebc02def3dee9d9548dbf47e30c516c9a"},
]

[[package]]
name = "pyspark"
version = "3.3.2"
description = "Apache Spark Python API"
optional = false
python-versions = ">=3.7"
files = [
    {file = "pyspark-3.3.2.tar.gz", hash = "sha256:0b81359262ec6e9ac78c353344e7de026027d140c6def949b1b1f2556b1c0d8e"},
]

[package.dependencies]
py4j = "0.10.9.7"

[package.extras]
ml = ["numpy (>=1.15)"]
mllib = ["numpy (>=1.15)"]
pandas-on-spark = ["numpy (>=1.15)", "pandas (>=1.0.5)", "pyarrow (>=1.0.0)"]

[[package]]
name = "scikit-image"
version = "0.16.2"
description = "Image processing in Python"
optional = false
python-versions = ">=3.6"
files = [
    {file = "scikit_image-0.16.2-cp36-cp36m-macosx_10_6_intel.whl", hash = "sha256:9b8e4d0f0a8bc4b3e7e5d2b2b6e7c4b2e7e7f4f2a7e7f9c1d9ed5d7f9f6e3f9c"},
    {file = "scikit_image-0.16.2-cp36-cp36m-manylinux1_x86_64.whl", hash = "sha256:8a4c1e7a71d6c71f8c8ad2e5f5d4c4b7e7e7f4f2a7e7f9c1d9ed5d7f9f6e3f9c"},
    {file = "scikit-image-0.16.2.tar.gz", hash = "sha256:8b55d8650e9ec5aedeeb70f2b66ddacced9e6b412b50e1ce0b6524b1b1b5b9c"},
]

[[package]]
name = "scipy"
version = "1.4.1"
description = "SciPy: Scientific Library for Python"
optional = false
python-versions = ">=3.5"
files = [
    {file = "scipy-1.4.1-cp35-cp35m-macosx_10_6_intel.whl", hash = "sha256:e669a1a2b5b6c78b6b3c8b8ec8ddc1c7c5c7e3b1f3e3c8b8e8ec8ddc1c7c5c7e"},
    {file = "scipy-1.4.1-cp35-cp35m-manylinux1_i686.whl", hash = "sha256:4aa48afdce4660b0076a00d80afa54e8a97cd49f457d68a4342d188a09451c1a"},
    {file = "scipy-1.4.1.tar.gz", hash = "sha256:dee1bbf3a6c8f73b6b218cb28eed8dd13347ea2f87d572ce19b289d6fd3fbc59"},
]

[[package]]
name = "sqlalchemy"
version = "1.3.12"
description = "Database Abstraction Library"
optional = false
python-versions = ">=2.7, !=3.0.*, !=3.1.*, !=3.2.*, !=3.3.*"
files = [
    {file = "SQLAlchemy-1.3.12-cp27-cp27m-macosx_10_14_x86_64.whl", hash = "sha256:8b55d8650e9ec5aedeeb70f2b66ddacced9e6b412b50e1ce0b6524b1b1b5b9c"},
    {file = "SQLAlchemy-1.3.12-cp27-cp27m-manylinux1_x86_64.whl", hash = "sha256:e669a1a2b5b6c78b6b3c8b8ec8ddc1c7c5c7e3b1f3e3c8b8e8ec8ddc1c7c5c7e"},
    {file = "SQLAlchemy-1.3.12.tar.gz", hash = "sha256:64a7b71846db6423807e96820993fa12a03b89127d278290ca25c0b11ed7b4fb"},
]

[metadata]
lock-version = "2.0"
python-versions = "^3.6"
content-hash = "f2ca1bb6c7e907d06dafe4687ceb576e73f4176eaaccd4c68e85b4e085c3b8c7"